
Microsoft Visual Studio Solution File, Format Version 12.00
# Visual Studio Version 17
VisualStudioVersion = 17.5.002.0
MinimumVisualStudioVersion = 10.0.40219.1
Project("{9A19103F-16F7-4668-BE54-9A1E7A4F7556}") = "SemanticKernel", "SemanticKernel.csproj", "{5F6C5F26-5090-4A3B-AFC9-DD1491BFBA15}"
EndProject
Global
	GlobalSection(SolutionConfigurationPlatforms) = preSolution
		Debug|Any CPU = Debug|Any CPU
		Release|Any CPU = Release|Any CPU
	EndGlobalSection
	GlobalSection(ProjectConfigurationPlatforms) = postSolution
		{5F6C5F26-5090-4A3B-AFC9-DD1491BFBA15}.Debug|Any CPU.ActiveCfg = Debug|Any CPU
		{5F6C5F26-5090-4A3B-AFC9-DD1491BFBA15}.Debug|Any CPU.Build.0 = Debug|Any CPU
		{5F6C5F26-5090-4A3B-AFC9-DD1491BFBA15}.Release|Any CPU.ActiveCfg = Release|Any CPU
		{5F6C5F26-5090-4A3B-AFC9-DD1491BFBA15}.Release|Any CPU.Build.0 = Release|Any CPU
	EndGlobalSection
	GlobalSection(SolutionProperties) = preSolution
		HideSolutionNode = FALSE
	EndGlobalSection
	GlobalSection(ExtensibilityGlobals) = postSolution
		SolutionGuid = {498B1DEC-C951-471E-AD50-923AEF954044}
	EndGlobalSection
EndGlobal
